
Microsoft Visual Studio Solution File, Format Version 12.00
# Visual Studio 14
VisualStudioVersion = 14.0.25420.1
MinimumVisualStudioVersion = 10.0.40219.1
Project("{FAE04EC0-301F-11D3-BF4B-00C04F79EFBC}") = "PermMissingElem", "PermMissingElem\PermMissingElem.csproj", "{2FF400F6-74E7-4053-B6CC-C8A9C0F468F8}"
EndProject
Project("{FAE04EC0-301F-11D3-BF4B-00C04F79EFBC}") = "FrogJump", "FrogJump\FrogJump.csproj", "{8377CCC2-1C10-4621-9988-6E7581F7AB64}"
EndProject
Project("{FAE04EC0-301F-11D3-BF4B-00C04F79EFBC}") = "TapeEquilibrium", "TapeEquilibrium\TapeEquilibrium.csproj", "{9F022DBB-ADC5-442D-BC37-CBBC199BAC62}"
EndProject
Project("{FAE04EC0-301F-11D3-BF4B-00C04F79EFBC}") = "PermCheck", "PermCheck\PermCheck.csproj", "{A076064E-D220-4B2A-B9C0-632E6AEEC9DC}"
EndProject
Project("{FAE04EC0-301F-11D3-BF4B-00C04F79EFBC}") = "FrogRiverOne", "FrogRiverOne\FrogRiverOne.csproj", "{F758784D-1D4A-4E93-AE18-B163A2C1913C}"
EndProject
Project("{FAE04EC0-301F-11D3-BF4B-00C04F79EFBC}") = "MaxCounters", "MaxCounters\MaxCounters.csproj", "{10884183-0AE8-4142-A735-3580885B5021}"
EndProject
Project("{FAE04EC0-301F-11D3-BF4B-00C04F79EFBC}") = "MissingInteger", "MissingInteger\MissingInteger.csproj", "{E9EA0495-62A8-4575-B8BE-5674964AC4FE}"
EndProject
Project("{FAE04EC0-301F-11D3-BF4B-00C04F79EFBC}") = "CountDiv", "CountDiv\CountDiv.csproj", "{69A5733C-A774-4533-A953-F41F6FAA37B2}"
EndProject
Project("{FAE04EC0-301F-11D3-BF4B-00C04F79EFBC}") = "PassingCars", "PassingCars\PassingCars.csproj", "{C8E9C951-3DD1-4E85-B150-BCBDB912EA3E}"
EndProject
Project("{FAE04EC0-301F-11D3-BF4B-00C04F79EFBC}") = "Triangle", "Triangle\Triangle.csproj", "{1A9C9A5F-E051-4733-9DF2-AF415736CC40}"
EndProject
Project("{FAE04EC0-301F-11D3-BF4B-00C04F79EFBC}") = "Nesting", "Nesting\Nesting.csproj", "{2372C1BD-0D6D-4DE0-9ECF-CFC61E3BC08E}"
EndProject
Project("{FAE04EC0-301F-11D3-BF4B-00C04F79EFBC}") = "Dominator", "Dominator\Dominator.csproj", "{2632558F-EC75-4BC3-B528-D29271D82B55}"
EndProject
Project("{FAE04EC0-301F-11D3-BF4B-00C04F79EFBC}") = "Fibonaccy", "Fibonaccy\Fibonaccy.csproj", "{F88A2956-3C54-41CC-B3BD-3AFD5AD12C89}"
EndProject
Project("{FAE04EC0-301F-11D3-BF4B-00C04F79EFBC}") = "MaxSliceSum", "MaxSliceSum\MaxSliceSum.csproj", "{EB6B56A2-DD37-4013-B052-0E08F5619C07}"
EndProject
Project("{FAE04EC0-301F-11D3-BF4B-00C04F79EFBC}") = "MinPerimeterRectangle", "MinPerimeterRectangle\MinPerimeterRectangle.csproj", "{CF64945C-2D2E-4447-9554-D722DE632E2B}"
EndProject
Project("{FAE04EC0-301F-11D3-BF4B-00C04F79EFBC}") = "1First", "1First\1First.csproj", "{1E3715CA-D2CF-4F4C-B9EB-55A073672C06}"
EndProject
Project("{FAE04EC0-301F-11D3-BF4B-00C04F79EFBC}") = "2Second", "2Second\2Second.csproj", "{6C20679E-B12F-4EB0-81D5-652CE7D13E35}"
EndProject
Project("{FAE04EC0-301F-11D3-BF4B-00C04F79EFBC}") = "3Third", "3Third\3Third.csproj", "{476BC402-8A25-455A-B92F-EDFF0CC7627A}"
EndProject
Project("{2150E333-8FDC-42A3-9474-1A3956D46DE8}") = "Bitwise", "Bitwise", "{94674C50-C8DC-411F-994B-D113F0E5902F}"
EndProject
Project("{FAE04EC0-301F-11D3-BF4B-00C04F79EFBC}") = "Polindrom", "Polindrom\Polindrom.csproj", "{BD4870AF-A71C-4252-96A0-92BDFBA8F8F3}"
EndProject
Project("{FAE04EC0-301F-11D3-BF4B-00C04F79EFBC}") = "IntToBinary", "IntToBinary\IntToBinary.csproj", "{FC4D2F13-B363-462A-8525-F472FFA12215}"
EndProject
Project("{FAE04EC0-301F-11D3-BF4B-00C04F79EFBC}") = "ReverseLinkList", "ReverseLinkList\ReverseLinkList.csproj", "{A4621D58-DB73-4DEF-B0AB-C24493C980AB}"
EndProject
Project("{FAE04EC0-301F-11D3-BF4B-00C04F79EFBC}") = "Peaks", "Peaks\Peaks.csproj", "{E81DD6EE-E725-4C24-B36F-799382C10DE6}"
EndProject
Project("{FAE04EC0-301F-11D3-BF4B-00C04F79EFBC}") = "DesighnPateerns", "DesighnPateerns\DesighnPateerns.csproj", "{7DA4451F-3575-4383-BB36-492F4DB83299}"
EndProject
Project("{FAE04EC0-301F-11D3-BF4B-00C04F79EFBC}") = "AbsDistinct", "AbsDistinct\AbsDistinct.csproj", "{24FF6F7D-97BD-4A2C-A785-923B1A112562}"
EndProject
Project("{FAE04EC0-301F-11D3-BF4B-00C04F79EFBC}") = "Prime", "Prime\Prime.csproj", "{686C5A48-982E-44DA-B3A8-764858C99CCA}"
EndProject
Global
	GlobalSection(SolutionConfigurationPlatforms) = preSolution
		Debug|Any CPU = Debug|Any CPU
		Release|Any CPU = Release|Any CPU
	EndGlobalSection
	GlobalSection(ProjectConfigurationPlatforms) = postSolution
		{2FF400F6-74E7-4053-B6CC-C8A9C0F468F8}.Debug|Any CPU.ActiveCfg = Debug|Any CPU
		{2FF400F6-74E7-4053-B6CC-C8A9C0F468F8}.Debug|Any CPU.Build.0 = Debug|Any CPU
		{2FF400F6-74E7-4053-B6CC-C8A9C0F468F8}.Release|Any CPU.ActiveCfg = Release|Any CPU
		{2FF400F6-74E7-4053-B6CC-C8A9C0F468F8}.Release|Any CPU.Build.0 = Release|Any CPU
		{8377CCC2-1C10-4621-9988-6E7581F7AB64}.Debug|Any CPU.ActiveCfg = Debug|Any CPU
		{8377CCC2-1C10-4621-9988-6E7581F7AB64}.Debug|Any CPU.Build.0 = Debug|Any CPU
		{8377CCC2-1C10-4621-9988-6E7581F7AB64}.Release|Any CPU.ActiveCfg = Release|Any CPU
		{8377CCC2-1C10-4621-9988-6E7581F7AB64}.Release|Any CPU.Build.0 = Release|Any CPU
		{9F022DBB-ADC5-442D-BC37-CBBC199BAC62}.Debug|Any CPU.ActiveCfg = Debug|Any CPU
		{9F022DBB-ADC5-442D-BC37-CBBC199BAC62}.Debug|Any CPU.Build.0 = Debug|Any CPU
		{9F022DBB-ADC5-442D-BC37-CBBC199BAC62}.Release|Any CPU.ActiveCfg = Release|Any CPU
		{9F022DBB-ADC5-442D-BC37-CBBC199BAC62}.Release|Any CPU.Build.0 = Release|Any CPU
		{A076064E-D220-4B2A-B9C0-632E6AEEC9DC}.Debug|Any CPU.ActiveCfg = Debug|Any CPU
		{A076064E-D220-4B2A-B9C0-632E6AEEC9DC}.Debug|Any CPU.Build.0 = Debug|Any CPU
		{A076064E-D220-4B2A-B9C0-632E6AEEC9DC}.Release|Any CPU.ActiveCfg = Release|Any CPU
		{A076064E-D220-4B2A-B9C0-632E6AEEC9DC}.Release|Any CPU.Build.0 = Release|Any CPU
		{F758784D-1D4A-4E93-AE18-B163A2C1913C}.Debug|Any CPU.ActiveCfg = Debug|Any CPU
		{F758784D-1D4A-4E93-AE18-B163A2C1913C}.Debug|Any CPU.Build.0 = Debug|Any CPU
		{F758784D-1D4A-4E93-AE18-B163A2C1913C}.Release|Any CPU.ActiveCfg = Release|Any CPU
		{F758784D-1D4A-4E93-AE18-B163A2C1913C}.Release|Any CPU.Build.0 = Release|Any CPU
		{10884183-0AE8-4142-A735-3580885B5021}.Debug|Any CPU.ActiveCfg = Debug|Any CPU
		{10884183-0AE8-4142-A735-3580885B5021}.Debug|Any CPU.Build.0 = Debug|Any CPU
		{10884183-0AE8-4142-A735-3580885B5021}.Release|Any CPU.ActiveCfg = Release|Any CPU
		{10884183-0AE8-4142-A735-3580885B5021}.Release|Any CPU.Build.0 = Release|Any CPU
		{E9EA0495-62A8-4575-B8BE-5674964AC4FE}.Debug|Any CPU.ActiveCfg = Debug|Any CPU
		{E9EA0495-62A8-4575-B8BE-5674964AC4FE}.Debug|Any CPU.Build.0 = Debug|Any CPU
		{E9EA0495-62A8-4575-B8BE-5674964AC4FE}.Release|Any CPU.ActiveCfg = Release|Any CPU
		{E9EA0495-62A8-4575-B8BE-5674964AC4FE}.Release|Any CPU.Build.0 = Release|Any CPU
		{69A5733C-A774-4533-A953-F41F6FAA37B2}.Debug|Any CPU.ActiveCfg = Debug|Any CPU
		{69A5733C-A774-4533-A953-F41F6FAA37B2}.Debug|Any CPU.Build.0 = Debug|Any CPU
		{69A5733C-A774-4533-A953-F41F6FAA37B2}.Release|Any CPU.ActiveCfg = Release|Any CPU
		{69A5733C-A774-4533-A953-F41F6FAA37B2}.Release|Any CPU.Build.0 = Release|Any CPU
		{C8E9C951-3DD1-4E85-B150-BCBDB912EA3E}.Debug|Any CPU.ActiveCfg = Debug|Any CPU
		{C8E9C951-3DD1-4E85-B150-BCBDB912EA3E}.Debug|Any CPU.Build.0 = Debug|Any CPU
		{C8E9C951-3DD1-4E85-B150-BCBDB912EA3E}.Release|Any CPU.ActiveCfg = Release|Any CPU
		{C8E9C951-3DD1-4E85-B150-BCBDB912EA3E}.Release|Any CPU.Build.0 = Release|Any CPU
		{1A9C9A5F-E051-4733-9DF2-AF415736CC40}.Debug|Any CPU.ActiveCfg = Debug|Any CPU
		{1A9C9A5F-E051-4733-9DF2-AF415736CC40}.Debug|Any CPU.Build.0 = Debug|Any CPU
		{1A9C9A5F-E051-4733-9DF2-AF415736CC40}.Release|Any CPU.ActiveCfg = Release|Any CPU
		{1A9C9A5F-E051-4733-9DF2-AF415736CC40}.Release|Any CPU.Build.0 = Release|Any CPU
		{2372C1BD-0D6D-4DE0-9ECF-CFC61E3BC08E}.Debug|Any CPU.ActiveCfg = Debug|Any CPU
		{2372C1BD-0D6D-4DE0-9ECF-CFC61E3BC08E}.Debug|Any CPU.Build.0 = Debug|Any CPU
		{2372C1BD-0D6D-4DE0-9ECF-CFC61E3BC08E}.Release|Any CPU.ActiveCfg = Release|Any CPU
		{2372C1BD-0D6D-4DE0-9ECF-CFC61E3BC08E}.Release|Any CPU.Build.0 = Release|Any CPU
		{2632558F-EC75-4BC3-B528-D29271D82B55}.Debug|Any CPU.ActiveCfg = Debug|Any CPU
		{2632558F-EC75-4BC3-B528-D29271D82B55}.Debug|Any CPU.Build.0 = Debug|Any CPU
		{2632558F-EC75-4BC3-B528-D29271D82B55}.Release|Any CPU.ActiveCfg = Release|Any CPU
		{2632558F-EC75-4BC3-B528-D29271D82B55}.Release|Any CPU.Build.0 = Release|Any CPU
		{F88A2956-3C54-41CC-B3BD-3AFD5AD12C89}.Debug|Any CPU.ActiveCfg = Debug|Any CPU
		{F88A2956-3C54-41CC-B3BD-3AFD5AD12C89}.Debug|Any CPU.Build.0 = Debug|Any CPU
		{F88A2956-3C54-41CC-B3BD-3AFD5AD12C89}.Release|Any CPU.ActiveCfg = Release|Any CPU
		{F88A2956-3C54-41CC-B3BD-3AFD5AD12C89}.Release|Any CPU.Build.0 = Release|Any CPU
		{EB6B56A2-DD37-4013-B052-0E08F5619C07}.Debug|Any CPU.ActiveCfg = Debug|Any CPU
		{EB6B56A2-DD37-4013-B052-0E08F5619C07}.Debug|Any CPU.Build.0 = Debug|Any CPU
		{EB6B56A2-DD37-4013-B052-0E08F5619C07}.Release|Any CPU.ActiveCfg = Release|Any CPU
		{EB6B56A2-DD37-4013-B052-0E08F5619C07}.Release|Any CPU.Build.0 = Release|Any CPU
		{CF64945C-2D2E-4447-9554-D722DE632E2B}.Debug|Any CPU.ActiveCfg = Debug|Any CPU
		{CF64945C-2D2E-4447-9554-D722DE632E2B}.Debug|Any CPU.Build.0 = Debug|Any CPU
		{CF64945C-2D2E-4447-9554-D722DE632E2B}.Release|Any CPU.ActiveCfg = Release|Any CPU
		{CF64945C-2D2E-4447-9554-D722DE632E2B}.Release|Any CPU.Build.0 = Release|Any CPU
		{1E3715CA-D2CF-4F4C-B9EB-55A073672C06}.Debug|Any CPU.ActiveCfg = Debug|Any CPU
		{1E3715CA-D2CF-4F4C-B9EB-55A073672C06}.Debug|Any CPU.Build.0 = Debug|Any CPU
		{1E3715CA-D2CF-4F4C-B9EB-55A073672C06}.Release|Any CPU.ActiveCfg = Release|Any CPU
		{1E3715CA-D2CF-4F4C-B9EB-55A073672C06}.Release|Any CPU.Build.0 = Release|Any CPU
		{6C20679E-B12F-4EB0-81D5-652CE7D13E35}.Debug|Any CPU.ActiveCfg = Debug|Any CPU
		{6C20679E-B12F-4EB0-81D5-652CE7D13E35}.Debug|Any CPU.Build.0 = Debug|Any CPU
		{6C20679E-B12F-4EB0-81D5-652CE7D13E35}.Release|Any CPU.ActiveCfg = Release|Any CPU
		{6C20679E-B12F-4EB0-81D5-652CE7D13E35}.Release|Any CPU.Build.0 = Release|Any CPU
		{476BC402-8A25-455A-B92F-EDFF0CC7627A}.Debug|Any CPU.ActiveCfg = Debug|Any CPU
		{476BC402-8A25-455A-B92F-EDFF0CC7627A}.Debug|Any CPU.Build.0 = Debug|Any CPU
		{476BC402-8A25-455A-B92F-EDFF0CC7627A}.Release|Any CPU.ActiveCfg = Release|Any CPU
		{476BC402-8A25-455A-B92F-EDFF0CC7627A}.Release|Any CPU.Build.0 = Release|Any CPU
		{BD4870AF-A71C-4252-96A0-92BDFBA8F8F3}.Debug|Any CPU.ActiveCfg = Debug|Any CPU
		{BD4870AF-A71C-4252-96A0-92BDFBA8F8F3}.Debug|Any CPU.Build.0 = Debug|Any CPU
		{BD4870AF-A71C-4252-96A0-92BDFBA8F8F3}.Release|Any CPU.ActiveCfg = Release|Any CPU
		{BD4870AF-A71C-4252-96A0-92BDFBA8F8F3}.Release|Any CPU.Build.0 = Release|Any CPU
		{FC4D2F13-B363-462A-8525-F472FFA12215}.Debug|Any CPU.ActiveCfg = Debug|Any CPU
		{FC4D2F13-B363-462A-8525-F472FFA12215}.Debug|Any CPU.Build.0 = Debug|Any CPU
		{FC4D2F13-B363-462A-8525-F472FFA12215}.Release|Any CPU.ActiveCfg = Release|Any CPU
		{FC4D2F13-B363-462A-8525-F472FFA12215}.Release|Any CPU.Build.0 = Release|Any CPU
		{A4621D58-DB73-4DEF-B0AB-C24493C980AB}.Debug|Any CPU.ActiveCfg = Debug|Any CPU
		{A4621D58-DB73-4DEF-B0AB-C24493C980AB}.Debug|Any CPU.Build.0 = Debug|Any CPU
		{A4621D58-DB73-4DEF-B0AB-C24493C980AB}.Release|Any CPU.ActiveCfg = Release|Any CPU
		{A4621D58-DB73-4DEF-B0AB-C24493C980AB}.Release|Any CPU.Build.0 = Release|Any CPU
		{E81DD6EE-E725-4C24-B36F-799382C10DE6}.Debug|Any CPU.ActiveCfg = Debug|Any CPU
		{E81DD6EE-E725-4C24-B36F-799382C10DE6}.Debug|Any CPU.Build.0 = Debug|Any CPU
		{E81DD6EE-E725-4C24-B36F-799382C10DE6}.Release|Any CPU.ActiveCfg = Release|Any CPU
		{E81DD6EE-E725-4C24-B36F-799382C10DE6}.Release|Any CPU.Build.0 = Release|Any CPU
		{7DA4451F-3575-4383-BB36-492F4DB83299}.Debug|Any CPU.ActiveCfg = Debug|Any CPU
		{7DA4451F-3575-4383-BB36-492F4DB83299}.Debug|Any CPU.Build.0 = Debug|Any CPU
		{7DA4451F-3575-4383-BB36-492F4DB83299}.Release|Any CPU.ActiveCfg = Release|Any CPU
		{7DA4451F-3575-4383-BB36-492F4DB83299}.Release|Any CPU.Build.0 = Release|Any CPU
		{24FF6F7D-97BD-4A2C-A785-923B1A112562}.Debug|Any CPU.ActiveCfg = Debug|Any CPU
		{24FF6F7D-97BD-4A2C-A785-923B1A112562}.Debug|Any CPU.Build.0 = Debug|Any CPU
		{24FF6F7D-97BD-4A2C-A785-923B1A112562}.Release|Any CPU.ActiveCfg = Release|Any CPU
		{24FF6F7D-97BD-4A2C-A785-923B1A112562}.Release|Any CPU.Build.0 = Release|Any CPU
		{686C5A48-982E-44DA-B3A8-764858C99CCA}.Debug|Any CPU.ActiveCfg = Debug|Any CPU
		{686C5A48-982E-44DA-B3A8-764858C99CCA}.Debug|Any CPU.Build.0 = Debug|Any CPU
		{686C5A48-982E-44DA-B3A8-764858C99CCA}.Release|Any CPU.ActiveCfg = Release|Any CPU
		{686C5A48-982E-44DA-B3A8-764858C99CCA}.Release|Any CPU.Build.0 = Release|Any CPU
	EndGlobalSection
	GlobalSection(SolutionProperties) = preSolution
		HideSolutionNode = FALSE
	EndGlobalSection
	GlobalSection(NestedProjects) = preSolution
		{BD4870AF-A71C-4252-96A0-92BDFBA8F8F3} = {94674C50-C8DC-411F-994B-D113F0E5902F}
		{FC4D2F13-B363-462A-8525-F472FFA12215} = {94674C50-C8DC-411F-994B-D113F0E5902F}
		{A4621D58-DB73-4DEF-B0AB-C24493C980AB} = {94674C50-C8DC-411F-994B-D113F0E5902F}
	EndGlobalSection
EndGlobal
